
Microsoft Visual Studio Solution File, Format Version 12.00
# Visual Studio Version 17
VisualStudioVersion = 17.14.36301.6 d17.14
MinimumVisualStudioVersion = 10.0.40219.1
Project("{FAE04EC0-301F-11D3-BF4B-00C04F79EFBC}") = "MCQs_generator", "MCQs_generator\MCQs_generator.csproj", "{B6894880-C4A3-4E20-AFBB-AAF095001CDC}"
EndProject
Global
	GlobalSection(SolutionConfigurationPlatforms) = preSolution
		Debug|Any CPU = Debug|Any CPU
		Release|Any CPU = Release|Any CPU
	EndGlobalSection
	GlobalSection(ProjectConfigurationPlatforms) = postSolution
		{B6894880-C4A3-4E20-AFBB-AAF095001CDC}.Debug|Any CPU.ActiveCfg = Debug|Any CPU
		{B6894880-C4A3-4E20-AFBB-AAF095001CDC}.Debug|Any CPU.Build.0 = Debug|Any CPU
		{B6894880-C4A3-4E20-AFBB-AAF095001CDC}.Release|Any CPU.ActiveCfg = Release|Any CPU
		{B6894880-C4A3-4E20-AFBB-AAF095001CDC}.Release|Any CPU.Build.0 = Release|Any CPU
	EndGlobalSection
	GlobalSection(SolutionProperties) = preSolution
		HideSolutionNode = FALSE
	EndGlobalSection
	GlobalSection(ExtensibilityGlobals) = postSolution
		SolutionGuid = {F9368C37-6454-4D54-9E75-13F6C64318E6}
	EndGlobalSection
EndGlobal
